# This file is automatically @generated by Cargo.
# It is not intended for manual editing.
version = 4

[[package]]
name = "board"
version = "0.1.0"

[[package]]
name = "engine"
version = "0.1.0"
dependencies = [
 "board",
 "nnue",
]

[[package]]
name = "grammar"
version = "0.1.0"

[[package]]
name = "interp"
version = "0.1.0"
dependencies = [
 "board",
 "grammar",
 "nnue",
]

[[package]]
name = "nnue"
version = "0.1.0"
dependencies = [
 "board",
]
